// !$*UTF8*$!
{
	archiveVersion = 1;
	classes = {
	};
	objectVersion = 46;
	objects = {

/* Begin PBXBuildFile section */
		745F57741C3FF24B001B7CC9 /* AppDelegate.swift in Sources */ = {isa = PBXBuildFile; fileRef = 745F57731C3FF24B001B7CC9 /* AppDelegate.swift */; };
		745F57791C3FF24B001B7CC9 /* Main.storyboard in Resources */ = {isa = PBXBuildFile; fileRef = 745F57771C3FF24B001B7CC9 /* Main.storyboard */; };
		745F577B1C3FF24B001B7CC9 /* Assets.xcassets in Resources */ = {isa = PBXBuildFile; fileRef = 745F577A1C3FF24B001B7CC9 /* Assets.xcassets */; };
		745F577E1C3FF24B001B7CC9 /* LaunchScreen.storyboard in Resources */ = {isa = PBXBuildFile; fileRef = 745F577C1C3FF24B001B7CC9 /* LaunchScreen.storyboard */; };
		745F57891C3FF24B001B7CC9 /* AssassinationTests.swift in Sources */ = {isa = PBXBuildFile; fileRef = 745F57881C3FF24B001B7CC9 /* AssassinationTests.swift */; };
		745F57941C3FF24B001B7CC9 /* AssassinationUITests.swift in Sources */ = {isa = PBXBuildFile; fileRef = 745F57931C3FF24B001B7CC9 /* AssassinationUITests.swift */; };
		745F57AA1C3FF9D3001B7CC9 /* FBSDKCoreKit.framework in Frameworks */ = {isa = PBXBuildFile; fileRef = 745F57A91C3FF9D3001B7CC9 /* FBSDKCoreKit.framework */; };
		745F57AC1C3FFA9A001B7CC9 /* MapKit.framework in Frameworks */ = {isa = PBXBuildFile; fileRef = 745F57AB1C3FFA9A001B7CC9 /* MapKit.framework */; };
		745F57AF1C3FFCCC001B7CC9 /* LoginViewController.swift in Sources */ = {isa = PBXBuildFile; fileRef = 745F57AE1C3FFCCC001B7CC9 /* LoginViewController.swift */; };
		745F57B11C4000A6001B7CC9 /* FBSDKLoginKit.framework in Frameworks */ = {isa = PBXBuildFile; fileRef = 745F57B01C4000A6001B7CC9 /* FBSDKLoginKit.framework */; };
		745F57B41C40043D001B7CC9 /* LoginHelper.swift in Sources */ = {isa = PBXBuildFile; fileRef = 745F57B31C40043D001B7CC9 /* LoginHelper.swift */; };
		745F57B71C4007E8001B7CC9 /* User.swift in Sources */ = {isa = PBXBuildFile; fileRef = 745F57B61C4007E8001B7CC9 /* User.swift */; };
		745F57BB1C4068C0001B7CC9 /* DataStore.swift in Sources */ = {isa = PBXBuildFile; fileRef = 745F57BA1C4068C0001B7CC9 /* DataStore.swift */; };
		745F57BF1C4078E0001B7CC9 /* Constants.swift in Sources */ = {isa = PBXBuildFile; fileRef = 745F57BE1C4078E0001B7CC9 /* Constants.swift */; };
		745F57C11C408FDF001B7CC9 /* CreateUserViewController.swift in Sources */ = {isa = PBXBuildFile; fileRef = 745F57C01C408FDF001B7CC9 /* CreateUserViewController.swift */; };
		745F57C31C43443D001B7CC9 /* APIManager.swift in Sources */ = {isa = PBXBuildFile; fileRef = 745F57C21C43443D001B7CC9 /* APIManager.swift */; };
		745F57C51C434520001B7CC9 /* HTTPRequestFuncs.swift in Sources */ = {isa = PBXBuildFile; fileRef = 745F57C41C434520001B7CC9 /* HTTPRequestFuncs.swift */; };
		745F57C71C434767001B7CC9 /* JSONObjectBuilder.swift in Sources */ = {isa = PBXBuildFile; fileRef = 745F57C61C434767001B7CC9 /* JSONObjectBuilder.swift */; };
		745F57CC1C43562D001B7CC9 /* StringExtensions.swift in Sources */ = {isa = PBXBuildFile; fileRef = 745F57CB1C43562D001B7CC9 /* StringExtensions.swift */; };
		745F580A1C448A87001B7CC9 /* EditUserViewController.swift in Sources */ = {isa = PBXBuildFile; fileRef = 745F58091C448A87001B7CC9 /* EditUserViewController.swift */; };
		74675E221CF14D19007CDC3C /* GameDetailsViewController.swift in Sources */ = {isa = PBXBuildFile; fileRef = 74675E211CF14D19007CDC3C /* GameDetailsViewController.swift */; };
		74675E241CF14EB9007CDC3C /* TwoColumnTableViewCell.swift in Sources */ = {isa = PBXBuildFile; fileRef = 74675E231CF14EB9007CDC3C /* TwoColumnTableViewCell.swift */; };
		74675E271CF14F7E007CDC3C /* EdgeInsetLabel.swift in Sources */ = {isa = PBXBuildFile; fileRef = 74675E261CF14F7E007CDC3C /* EdgeInsetLabel.swift */; };
		74BC7F2D1CEB5B0D00B8BE1E /* RallyGameTableViewCell.swift in Sources */ = {isa = PBXBuildFile; fileRef = 74BC7F2C1CEB5B0D00B8BE1E /* RallyGameTableViewCell.swift */; };
		74BC7F2F1CEB5EB300B8BE1E /* GameStore.swift in Sources */ = {isa = PBXBuildFile; fileRef = 74BC7F2E1CEB5EB300B8BE1E /* GameStore.swift */; };
		74C077B91CDD19BB00C70B40 /* UserStore.swift in Sources */ = {isa = PBXBuildFile; fileRef = 74C077B81CDD19BB00C70B40 /* UserStore.swift */; };
		74C850A01CE12FD7009C9B65 /* RecoverUserViewController.swift in Sources */ = {isa = PBXBuildFile; fileRef = 74C8509F1CE12FD7009C9B65 /* RecoverUserViewController.swift */; };
		74C850A31CE25336009C9B65 /* Rally.storyboard in Resources */ = {isa = PBXBuildFile; fileRef = 74C850A21CE25336009C9B65 /* Rally.storyboard */; };
		74C850A71CE25396009C9B65 /* MainRallyViewController.swift in Sources */ = {isa = PBXBuildFile; fileRef = 74C850A61CE25396009C9B65 /* MainRallyViewController.swift */; };
		74C850A91CE58BEA009C9B65 /* CreateGameViewController.swift in Sources */ = {isa = PBXBuildFile; fileRef = 74C850A81CE58BEA009C9B65 /* CreateGameViewController.swift */; };
		74C850AB1CE58E94009C9B65 /* Game.swift in Sources */ = {isa = PBXBuildFile; fileRef = 74C850AA1CE58E94009C9B65 /* Game.swift */; };
		74C850AD1CE5A10F009C9B65 /* LocationManager.swift in Sources */ = {isa = PBXBuildFile; fileRef = 74C850AC1CE5A10F009C9B65 /* LocationManager.swift */; };
		74C8A5F61CED4D8D00DBFFCF /* EditGameViewController.swift in Sources */ = {isa = PBXBuildFile; fileRef = 74C8A5F51CED4D8D00DBFFCF /* EditGameViewController.swift */; };
		74D962001D00D7B5005F5723 /* PlayGameStoryboard.storyboard in Resources */ = {isa = PBXBuildFile; fileRef = 74D961FF1D00D7B5005F5723 /* PlayGameStoryboard.storyboard */; };
		74D962031D00D801005F5723 /* PlayIndividualTargetsViewController.swift in Sources */ = {isa = PBXBuildFile; fileRef = 74D962021D00D801005F5723 /* PlayIndividualTargetsViewController.swift */; };
		74D9624E1D00FC77005F5723 /* SSLSecurity.swift in Sources */ = {isa = PBXBuildFile; fileRef = 74D9624D1D00FC77005F5723 /* SSLSecurity.swift */; };
		74D962501D00FC97005F5723 /* WebSocket.swift in Sources */ = {isa = PBXBuildFile; fileRef = 74D9624F1D00FC97005F5723 /* WebSocket.swift */; };
/* End PBXBuildFile section */

/* Begin PBXContainerItemProxy section */
		745F57851C3FF24B001B7CC9 /* PBXContainerItemProxy */ = {
			isa = PBXContainerItemProxy;
			containerPortal = 745F57681C3FF24B001B7CC9 /* Project object */;
			proxyType = 1;
			remoteGlobalIDString = 745F576F1C3FF24B001B7CC9;
			remoteInfo = Assassination;
		};
		745F57901C3FF24B001B7CC9 /* PBXContainerItemProxy */ = {
			isa = PBXContainerItemProxy;
			containerPortal = 745F57681C3FF24B001B7CC9 /* Project object */;
			proxyType = 1;
			remoteGlobalIDString = 745F576F1C3FF24B001B7CC9;
			remoteInfo = Assassination;
		};
/* End PBXContainerItemProxy section */

/* Begin PBXFileReference section */
		745F57701C3FF24B001B7CC9 /* Assassination.app */ = {isa = PBXFileReference; explicitFileType = wrapper.application; includeInIndex = 0; path = Assassination.app; sourceTree = BUILT_PRODUCTS_DIR; };
		745F57731C3FF24B001B7CC9 /* AppDelegate.swift */ = {isa = PBXFileReference; lastKnownFileType = sourcecode.swift; path = AppDelegate.swift; sourceTree = "<group>"; };
		745F57781C3FF24B001B7CC9 /* Base */ = {isa = PBXFileReference; lastKnownFileType = file.storyboard; name = Base; path = Base.lproj/Main.storyboard; sourceTree = "<group>"; };
		745F577A1C3FF24B001B7CC9 /* Assets.xcassets */ = {isa = PBXFileReference; lastKnownFileType = folder.assetcatalog; path = Assets.xcassets; sourceTree = "<group>"; };
		745F577D1C3FF24B001B7CC9 /* Base */ = {isa = PBXFileReference; lastKnownFileType = file.storyboard; name = Base; path = Base.lproj/LaunchScreen.storyboard; sourceTree = "<group>"; };
		745F577F1C3FF24B001B7CC9 /* Info.plist */ = {isa = PBXFileReference; lastKnownFileType = text.plist.xml; path = Info.plist; sourceTree = "<group>"; };
		745F57841C3FF24B001B7CC9 /* AssassinationTests.xctest */ = {isa = PBXFileReference; explicitFileType = wrapper.cfbundle; includeInIndex = 0; path = AssassinationTests.xctest; sourceTree = BUILT_PRODUCTS_DIR; };
		745F57881C3FF24B001B7CC9 /* AssassinationTests.swift */ = {isa = PBXFileReference; lastKnownFileType = sourcecode.swift; path = AssassinationTests.swift; sourceTree = "<group>"; };
		745F578A1C3FF24B001B7CC9 /* Info.plist */ = {isa = PBXFileReference; lastKnownFileType = text.plist.xml; path = Info.plist; sourceTree = "<group>"; };
		745F578F1C3FF24B001B7CC9 /* AssassinationUITests.xctest */ = {isa = PBXFileReference; explicitFileType = wrapper.cfbundle; includeInIndex = 0; path = AssassinationUITests.xctest; sourceTree = BUILT_PRODUCTS_DIR; };
		745F57931C3FF24B001B7CC9 /* AssassinationUITests.swift */ = {isa = PBXFileReference; lastKnownFileType = sourcecode.swift; path = AssassinationUITests.swift; sourceTree = "<group>"; };
		745F57951C3FF24B001B7CC9 /* Info.plist */ = {isa = PBXFileReference; lastKnownFileType = text.plist.xml; path = Info.plist; sourceTree = "<group>"; };
		745F57A81C3FF73C001B7CC9 /* Header.h */ = {isa = PBXFileReference; lastKnownFileType = sourcecode.c.h; name = Header.h; path = ../Header.h; sourceTree = "<group>"; };
		745F57A91C3FF9D3001B7CC9 /* FBSDKCoreKit.framework */ = {isa = PBXFileReference; lastKnownFileType = wrapper.framework; path = FBSDKCoreKit.framework; sourceTree = "<group>"; };
		745F57AB1C3FFA9A001B7CC9 /* MapKit.framework */ = {isa = PBXFileReference; lastKnownFileType = wrapper.framework; name = MapKit.framework; path = System/Library/Frameworks/MapKit.framework; sourceTree = SDKROOT; };
		745F57AE1C3FFCCC001B7CC9 /* LoginViewController.swift */ = {isa = PBXFileReference; fileEncoding = 4; lastKnownFileType = sourcecode.swift; path = LoginViewController.swift; sourceTree = "<group>"; };
		745F57B01C4000A6001B7CC9 /* FBSDKLoginKit.framework */ = {isa = PBXFileReference; lastKnownFileType = wrapper.framework; path = FBSDKLoginKit.framework; sourceTree = "<group>"; };
		745F57B31C40043D001B7CC9 /* LoginHelper.swift */ = {isa = PBXFileReference; fileEncoding = 4; lastKnownFileType = sourcecode.swift; path = LoginHelper.swift; sourceTree = "<group>"; };
		745F57B61C4007E8001B7CC9 /* User.swift */ = {isa = PBXFileReference; fileEncoding = 4; lastKnownFileType = sourcecode.swift; path = User.swift; sourceTree = "<group>"; };
		745F57BA1C4068C0001B7CC9 /* DataStore.swift */ = {isa = PBXFileReference; fileEncoding = 4; lastKnownFileType = sourcecode.swift; path = DataStore.swift; sourceTree = "<group>"; };
		745F57BE1C4078E0001B7CC9 /* Constants.swift */ = {isa = PBXFileReference; fileEncoding = 4; lastKnownFileType = sourcecode.swift; path = Constants.swift; sourceTree = "<group>"; };
		745F57C01C408FDF001B7CC9 /* CreateUserViewController.swift */ = {isa = PBXFileReference; fileEncoding = 4; lastKnownFileType = sourcecode.swift; path = CreateUserViewController.swift; sourceTree = "<group>"; };
		745F57C21C43443D001B7CC9 /* APIManager.swift */ = {isa = PBXFileReference; fileEncoding = 4; lastKnownFileType = sourcecode.swift; path = APIManager.swift; sourceTree = "<group>"; };
		745F57C41C434520001B7CC9 /* HTTPRequestFuncs.swift */ = {isa = PBXFileReference; fileEncoding = 4; lastKnownFileType = sourcecode.swift; path = HTTPRequestFuncs.swift; sourceTree = "<group>"; };
		745F57C61C434767001B7CC9 /* JSONObjectBuilder.swift */ = {isa = PBXFileReference; fileEncoding = 4; lastKnownFileType = sourcecode.swift; path = JSONObjectBuilder.swift; sourceTree = "<group>"; };
		745F57CB1C43562D001B7CC9 /* StringExtensions.swift */ = {isa = PBXFileReference; fileEncoding = 4; lastKnownFileType = sourcecode.swift; path = StringExtensions.swift; sourceTree = "<group>"; };
		745F58091C448A87001B7CC9 /* EditUserViewController.swift */ = {isa = PBXFileReference; fileEncoding = 4; lastKnownFileType = sourcecode.swift; path = EditUserViewController.swift; sourceTree = "<group>"; };
		74675E211CF14D19007CDC3C /* GameDetailsViewController.swift */ = {isa = PBXFileReference; fileEncoding = 4; lastKnownFileType = sourcecode.swift; path = GameDetailsViewController.swift; sourceTree = "<group>"; };
		74675E231CF14EB9007CDC3C /* TwoColumnTableViewCell.swift */ = {isa = PBXFileReference; fileEncoding = 4; lastKnownFileType = sourcecode.swift; path = TwoColumnTableViewCell.swift; sourceTree = "<group>"; };
		74675E261CF14F7E007CDC3C /* EdgeInsetLabel.swift */ = {isa = PBXFileReference; fileEncoding = 4; lastKnownFileType = sourcecode.swift; path = EdgeInsetLabel.swift; sourceTree = "<group>"; };
		74BC7F2C1CEB5B0D00B8BE1E /* RallyGameTableViewCell.swift */ = {isa = PBXFileReference; fileEncoding = 4; lastKnownFileType = sourcecode.swift; path = RallyGameTableViewCell.swift; sourceTree = "<group>"; };
		74BC7F2E1CEB5EB300B8BE1E /* GameStore.swift */ = {isa = PBXFileReference; fileEncoding = 4; lastKnownFileType = sourcecode.swift; path = GameStore.swift; sourceTree = "<group>"; };
		74C077B81CDD19BB00C70B40 /* UserStore.swift */ = {isa = PBXFileReference; fileEncoding = 4; lastKnownFileType = sourcecode.swift; path = UserStore.swift; sourceTree = "<group>"; };
		74C8509F1CE12FD7009C9B65 /* RecoverUserViewController.swift */ = {isa = PBXFileReference; fileEncoding = 4; lastKnownFileType = sourcecode.swift; path = RecoverUserViewController.swift; sourceTree = "<group>"; };
		74C850A21CE25336009C9B65 /* Rally.storyboard */ = {isa = PBXFileReference; fileEncoding = 4; lastKnownFileType = file.storyboard; path = Rally.storyboard; sourceTree = "<group>"; };
		74C850A61CE25396009C9B65 /* MainRallyViewController.swift */ = {isa = PBXFileReference; fileEncoding = 4; lastKnownFileType = sourcecode.swift; path = MainRallyViewController.swift; sourceTree = "<group>"; };
		74C850A81CE58BEA009C9B65 /* CreateGameViewController.swift */ = {isa = PBXFileReference; fileEncoding = 4; lastKnownFileType = sourcecode.swift; path = CreateGameViewController.swift; sourceTree = "<group>"; };
		74C850AA1CE58E94009C9B65 /* Game.swift */ = {isa = PBXFileReference; fileEncoding = 4; lastKnownFileType = sourcecode.swift; path = Game.swift; sourceTree = "<group>"; };
		74C850AC1CE5A10F009C9B65 /* LocationManager.swift */ = {isa = PBXFileReference; fileEncoding = 4; lastKnownFileType = sourcecode.swift; path = LocationManager.swift; sourceTree = "<group>"; };
		74C8A5F51CED4D8D00DBFFCF /* EditGameViewController.swift */ = {isa = PBXFileReference; fileEncoding = 4; lastKnownFileType = sourcecode.swift; path = EditGameViewController.swift; sourceTree = "<group>"; };
		74D961FF1D00D7B5005F5723 /* PlayGameStoryboard.storyboard */ = {isa = PBXFileReference; fileEncoding = 4; lastKnownFileType = file.storyboard; path = PlayGameStoryboard.storyboard; sourceTree = "<group>"; };
		74D962021D00D801005F5723 /* PlayIndividualTargetsViewController.swift */ = {isa = PBXFileReference; fileEncoding = 4; lastKnownFileType = sourcecode.swift; path = PlayIndividualTargetsViewController.swift; sourceTree = "<group>"; };
		74D9624D1D00FC77005F5723 /* SSLSecurity.swift */ = {isa = PBXFileReference; fileEncoding = 4; lastKnownFileType = sourcecode.swift; path = SSLSecurity.swift; sourceTree = "<group>"; };
		74D9624F1D00FC97005F5723 /* WebSocket.swift */ = {isa = PBXFileReference; fileEncoding = 4; lastKnownFileType = sourcecode.swift; path = WebSocket.swift; sourceTree = "<group>"; };
/* End PBXFileReference section */

/* Begin PBXFrameworksBuildPhase section */
		745F576D1C3FF24B001B7CC9 /* Frameworks */ = {
			isa = PBXFrameworksBuildPhase;
			buildActionMask = 2147483647;
			files = (
				745F57AC1C3FFA9A001B7CC9 /* MapKit.framework in Frameworks */,
				745F57AA1C3FF9D3001B7CC9 /* FBSDKCoreKit.framework in Frameworks */,
				745F57B11C4000A6001B7CC9 /* FBSDKLoginKit.framework in Frameworks */,
			);
			runOnlyForDeploymentPostprocessing = 0;
		};
		745F57811C3FF24B001B7CC9 /* Frameworks */ = {
			isa = PBXFrameworksBuildPhase;
			buildActionMask = 2147483647;
			files = (
			);
			runOnlyForDeploymentPostprocessing = 0;
		};
		745F578C1C3FF24B001B7CC9 /* Frameworks */ = {
			isa = PBXFrameworksBuildPhase;
			buildActionMask = 2147483647;
			files = (
			);
			runOnlyForDeploymentPostprocessing = 0;
		};
/* End PBXFrameworksBuildPhase section */

/* Begin PBXGroup section */
		745F57671C3FF24B001B7CC9 = {
			isa = PBXGroup;
			children = (
				74D9624C1D00FC58005F5723 /* Starscream_Copy */,
				745F57A11C3FF491001B7CC9 /* Frameworks */,
				745F57721C3FF24B001B7CC9 /* Assassination */,
				745F57871C3FF24B001B7CC9 /* AssassinationTests */,
				745F57921C3FF24B001B7CC9 /* AssassinationUITests */,
				745F57711C3FF24B001B7CC9 /* Products */,
			);
			sourceTree = "<group>";
		};
		745F57711C3FF24B001B7CC9 /* Products */ = {
			isa = PBXGroup;
			children = (
				745F57701C3FF24B001B7CC9 /* Assassination.app */,
				745F57841C3FF24B001B7CC9 /* AssassinationTests.xctest */,
				745F578F1C3FF24B001B7CC9 /* AssassinationUITests.xctest */,
			);
			name = Products;
			sourceTree = "<group>";
		};
		745F57721C3FF24B001B7CC9 /* Assassination */ = {
			isa = PBXGroup;
			children = (
				74BC7F2A1CEB5AF100B8BE1E /* Views */,
				74C850A11CE25312009C9B65 /* Storyboards */,
				745F57C81C435290001B7CC9 /* Extensions */,
				745F57B51C4007D5001B7CC9 /* Models */,
				745F57B21C400429001B7CC9 /* Helpers */,
				745F57AD1C3FFC6D001B7CC9 /* ViewControllers */,
				745F57731C3FF24B001B7CC9 /* AppDelegate.swift */,
				745F577A1C3FF24B001B7CC9 /* Assets.xcassets */,
				745F577F1C3FF24B001B7CC9 /* Info.plist */,
				745F57A81C3FF73C001B7CC9 /* Header.h */,
			);
			path = Assassination;
			sourceTree = "<group>";
		};
		745F57871C3FF24B001B7CC9 /* AssassinationTests */ = {
			isa = PBXGroup;
			children = (
				745F57881C3FF24B001B7CC9 /* AssassinationTests.swift */,
				745F578A1C3FF24B001B7CC9 /* Info.plist */,
			);
			path = AssassinationTests;
			sourceTree = "<group>";
		};
		745F57921C3FF24B001B7CC9 /* AssassinationUITests */ = {
			isa = PBXGroup;
			children = (
				745F57931C3FF24B001B7CC9 /* AssassinationUITests.swift */,
				745F57951C3FF24B001B7CC9 /* Info.plist */,
			);
			path = AssassinationUITests;
			sourceTree = "<group>";
		};
		745F57A11C3FF491001B7CC9 /* Frameworks */ = {
			isa = PBXGroup;
			children = (
				745F57B01C4000A6001B7CC9 /* FBSDKLoginKit.framework */,
				745F57AB1C3FFA9A001B7CC9 /* MapKit.framework */,
				745F57A91C3FF9D3001B7CC9 /* FBSDKCoreKit.framework */,
			);
			name = Frameworks;
			sourceTree = "<group>";
		};
		745F57AD1C3FFC6D001B7CC9 /* ViewControllers */ = {
			isa = PBXGroup;
			children = (
				74D962011D00D7E9005F5723 /* Play */,
				74C850A51CE25381009C9B65 /* Rally */,
				74C850A41CE25371009C9B65 /* Account */,
			);
			name = ViewControllers;
			path = ..;
			sourceTree = "<group>";
		};
		745F57B21C400429001B7CC9 /* Helpers */ = {
			isa = PBXGroup;
			children = (
				74C077B71CDD19AA00C70B40 /* Model */,
				745F57B31C40043D001B7CC9 /* LoginHelper.swift */,
				745F57BA1C4068C0001B7CC9 /* DataStore.swift */,
				745F57BE1C4078E0001B7CC9 /* Constants.swift */,
				745F57C21C43443D001B7CC9 /* APIManager.swift */,
				745F57C41C434520001B7CC9 /* HTTPRequestFuncs.swift */,
				745F57C61C434767001B7CC9 /* JSONObjectBuilder.swift */,
				74C850AC1CE5A10F009C9B65 /* LocationManager.swift */,
			);
			name = Helpers;
			sourceTree = "<group>";
		};
		745F57B51C4007D5001B7CC9 /* Models */ = {
			isa = PBXGroup;
			children = (
				745F57B61C4007E8001B7CC9 /* User.swift */,
				74C850AA1CE58E94009C9B65 /* Game.swift */,
			);
			name = Models;
			sourceTree = "<group>";
		};
		745F57C81C435290001B7CC9 /* Extensions */ = {
			isa = PBXGroup;
			children = (
				745F57CB1C43562D001B7CC9 /* StringExtensions.swift */,
			);
			name = Extensions;
			sourceTree = "<group>";
		};
		74675E251CF14F68007CDC3C /* Labels */ = {
			isa = PBXGroup;
			children = (
				74675E261CF14F7E007CDC3C /* EdgeInsetLabel.swift */,
			);
			name = Labels;
			sourceTree = "<group>";
		};
		74BC7F2A1CEB5AF100B8BE1E /* Views */ = {
			isa = PBXGroup;
			children = (
				74675E251CF14F68007CDC3C /* Labels */,
				74BC7F2B1CEB5AF800B8BE1E /* TableViewCells */,
			);
			name = Views;
			sourceTree = "<group>";
		};
		74BC7F2B1CEB5AF800B8BE1E /* TableViewCells */ = {
			isa = PBXGroup;
			children = (
				74BC7F2C1CEB5B0D00B8BE1E /* RallyGameTableViewCell.swift */,
				74675E231CF14EB9007CDC3C /* TwoColumnTableViewCell.swift */,
			);
			name = TableViewCells;
			sourceTree = "<group>";
		};
		74C077B71CDD19AA00C70B40 /* Model */ = {
			isa = PBXGroup;
			children = (
				74C077B81CDD19BB00C70B40 /* UserStore.swift */,
				74BC7F2E1CEB5EB300B8BE1E /* GameStore.swift */,
			);
			name = Model;
			sourceTree = "<group>";
		};
		74C850A11CE25312009C9B65 /* Storyboards */ = {
			isa = PBXGroup;
			children = (
				745F577C1C3FF24B001B7CC9 /* LaunchScreen.storyboard */,
				745F57771C3FF24B001B7CC9 /* Main.storyboard */,
				74C850A21CE25336009C9B65 /* Rally.storyboard */,
				74D961FF1D00D7B5005F5723 /* PlayGameStoryboard.storyboard */,
			);
			name = Storyboards;
			sourceTree = "<group>";
		};
		74C850A41CE25371009C9B65 /* Account */ = {
			isa = PBXGroup;
			children = (
				74C8509F1CE12FD7009C9B65 /* RecoverUserViewController.swift */,
				745F58091C448A87001B7CC9 /* EditUserViewController.swift */,
				745F57C01C408FDF001B7CC9 /* CreateUserViewController.swift */,
				745F57AE1C3FFCCC001B7CC9 /* LoginViewController.swift */,
			);
			name = Account;
			sourceTree = "<group>";
		};
		74C850A51CE25381009C9B65 /* Rally */ = {
			isa = PBXGroup;
			children = (
				74C850A61CE25396009C9B65 /* MainRallyViewController.swift */,
				74C850A81CE58BEA009C9B65 /* CreateGameViewController.swift */,
				74C8A5F51CED4D8D00DBFFCF /* EditGameViewController.swift */,
				74675E211CF14D19007CDC3C /* GameDetailsViewController.swift */,
			);
			name = Rally;
			sourceTree = "<group>";
		};
		74D962011D00D7E9005F5723 /* Play */ = {
			isa = PBXGroup;
			children = (
				74D962021D00D801005F5723 /* PlayIndividualTargetsViewController.swift */,
			);
			name = Play;
			sourceTree = "<group>";
		};
		74D9624C1D00FC58005F5723 /* Starscream_Copy */ = {
			isa = PBXGroup;
			children = (
				74D9624D1D00FC77005F5723 /* SSLSecurity.swift */,
				74D9624F1D00FC97005F5723 /* WebSocket.swift */,
			);
			name = Starscream_Copy;
			sourceTree = "<group>";
		};
/* End PBXGroup section */

/* Begin PBXNativeTarget section */
		745F576F1C3FF24B001B7CC9 /* Assassination */ = {
			isa = PBXNativeTarget;
			buildConfigurationList = 745F57981C3FF24B001B7CC9 /* Build configuration list for PBXNativeTarget "Assassination" */;
			buildPhases = (
				745F576C1C3FF24B001B7CC9 /* Sources */,
				745F576D1C3FF24B001B7CC9 /* Frameworks */,
				745F576E1C3FF24B001B7CC9 /* Resources */,
			);
			buildRules = (
			);
			dependencies = (
			);
			name = Assassination;
			productName = Assassination;
			productReference = 745F57701C3FF24B001B7CC9 /* Assassination.app */;
			productType = "com.apple.product-type.application";
		};
		745F57831C3FF24B001B7CC9 /* AssassinationTests */ = {
			isa = PBXNativeTarget;
			buildConfigurationList = 745F579B1C3FF24B001B7CC9 /* Build configuration list for PBXNativeTarget "AssassinationTests" */;
			buildPhases = (
				745F57801C3FF24B001B7CC9 /* Sources */,
				745F57811C3FF24B001B7CC9 /* Frameworks */,
				745F57821C3FF24B001B7CC9 /* Resources */,
			);
			buildRules = (
			);
			dependencies = (
				745F57861C3FF24B001B7CC9 /* PBXTargetDependency */,
			);
			name = AssassinationTests;
			productName = AssassinationTests;
			productReference = 745F57841C3FF24B001B7CC9 /* AssassinationTests.xctest */;
			productType = "com.apple.product-type.bundle.unit-test";
		};
		745F578E1C3FF24B001B7CC9 /* AssassinationUITests */ = {
			isa = PBXNativeTarget;
			buildConfigurationList = 745F579E1C3FF24B001B7CC9 /* Build configuration list for PBXNativeTarget "AssassinationUITests" */;
			buildPhases = (
				745F578B1C3FF24B001B7CC9 /* Sources */,
				745F578C1C3FF24B001B7CC9 /* Frameworks */,
				745F578D1C3FF24B001B7CC9 /* Resources */,
			);
			buildRules = (
			);
			dependencies = (
				745F57911C3FF24B001B7CC9 /* PBXTargetDependency */,
			);
			name = AssassinationUITests;
			productName = AssassinationUITests;
			productReference = 745F578F1C3FF24B001B7CC9 /* AssassinationUITests.xctest */;
			productType = "com.apple.product-type.bundle.ui-testing";
		};
/* End PBXNativeTarget section */

/* Begin PBXProject section */
		745F57681C3FF24B001B7CC9 /* Project object */ = {
			isa = PBXProject;
			attributes = {
				LastSwiftUpdateCheck = 0720;
				LastUpgradeCheck = 0720;
				ORGANIZATIONNAME = Dylan;
				TargetAttributes = {
					745F576F1C3FF24B001B7CC9 = {
						CreatedOnToolsVersion = 7.2;
						SystemCapabilities = {
							com.apple.Maps.iOS = {
								enabled = 1;
							};
						};
					};
					745F57831C3FF24B001B7CC9 = {
						CreatedOnToolsVersion = 7.2;
						TestTargetID = 745F576F1C3FF24B001B7CC9;
					};
					745F578E1C3FF24B001B7CC9 = {
						CreatedOnToolsVersion = 7.2;
						TestTargetID = 745F576F1C3FF24B001B7CC9;
					};
				};
			};
			buildConfigurationList = 745F576B1C3FF24B001B7CC9 /* Build configuration list for PBXProject "Assassination" */;
			compatibilityVersion = "Xcode 3.2";
			developmentRegion = English;
			hasScannedForEncodings = 0;
			knownRegions = (
				en,
				Base,
			);
			mainGroup = 745F57671C3FF24B001B7CC9;
			productRefGroup = 745F57711C3FF24B001B7CC9 /* Products */;
			projectDirPath = "";
			projectRoot = "";
			targets = (
				745F576F1C3FF24B001B7CC9 /* Assassination */,
				745F57831C3FF24B001B7CC9 /* AssassinationTests */,
				745F578E1C3FF24B001B7CC9 /* AssassinationUITests */,
			);
		};
/* End PBXProject section */

/* Begin PBXResourcesBuildPhase section */
		745F576E1C3FF24B001B7CC9 /* Resources */ = {
			isa = PBXResourcesBuildPhase;
			buildActionMask = 2147483647;
			files = (
				745F577E1C3FF24B001B7CC9 /* LaunchScreen.storyboard in Resources */,
				745F577B1C3FF24B001B7CC9 /* Assets.xcassets in Resources */,
				745F57791C3FF24B001B7CC9 /* Main.storyboard in Resources */,
				74D962001D00D7B5005F5723 /* PlayGameStoryboard.storyboard in Resources */,
				74C850A31CE25336009C9B65 /* Rally.storyboard in Resources */,
			);
			runOnlyForDeploymentPostprocessing = 0;
		};
		745F57821C3FF24B001B7CC9 /* Resources */ = {
			isa = PBXResourcesBuildPhase;
			buildActionMask = 2147483647;
			files = (
			);
			runOnlyForDeploymentPostprocessing = 0;
		};
		745F578D1C3FF24B001B7CC9 /* Resources */ = {
			isa = PBXResourcesBuildPhase;
			buildActionMask = 2147483647;
			files = (
			);
			runOnlyForDeploymentPostprocessing = 0;
		};
/* End PBXResourcesBuildPhase section */

/* Begin PBXSourcesBuildPhase section */
		745F576C1C3FF24B001B7CC9 /* Sources */ = {
			isa = PBXSourcesBuildPhase;
			buildActionMask = 2147483647;
			files = (
				74C850A01CE12FD7009C9B65 /* RecoverUserViewController.swift in Sources */,
				74D962031D00D801005F5723 /* PlayIndividualTargetsViewController.swift in Sources */,
				745F57C31C43443D001B7CC9 /* APIManager.swift in Sources */,
				745F57B71C4007E8001B7CC9 /* User.swift in Sources */,
				745F57C71C434767001B7CC9 /* JSONObjectBuilder.swift in Sources */,
				745F580A1C448A87001B7CC9 /* EditUserViewController.swift in Sources */,
				74C850A71CE25396009C9B65 /* MainRallyViewController.swift in Sources */,
				74C850A91CE58BEA009C9B65 /* CreateGameViewController.swift in Sources */,
				74675E221CF14D19007CDC3C /* GameDetailsViewController.swift in Sources */,
				745F57AF1C3FFCCC001B7CC9 /* LoginViewController.swift in Sources */,
				74D9624E1D00FC77005F5723 /* SSLSecurity.swift in Sources */,
				74C8A5F61CED4D8D00DBFFCF /* EditGameViewController.swift in Sources */,
				74C850AD1CE5A10F009C9B65 /* LocationManager.swift in Sources */,
				745F57741C3FF24B001B7CC9 /* AppDelegate.swift in Sources */,
				745F57C11C408FDF001B7CC9 /* CreateUserViewController.swift in Sources */,
				745F57CC1C43562D001B7CC9 /* StringExtensions.swift in Sources */,
				74D962501D00FC97005F5723 /* WebSocket.swift in Sources */,
				745F57BB1C4068C0001B7CC9 /* DataStore.swift in Sources */,
				74675E271CF14F7E007CDC3C /* EdgeInsetLabel.swift in Sources */,
				74BC7F2F1CEB5EB300B8BE1E /* GameStore.swift in Sources */,
				74BC7F2D1CEB5B0D00B8BE1E /* RallyGameTableViewCell.swift in Sources */,
				745F57B41C40043D001B7CC9 /* LoginHelper.swift in Sources */,
				74C850AB1CE58E94009C9B65 /* Game.swift in Sources */,
				74675E241CF14EB9007CDC3C /* TwoColumnTableViewCell.swift in Sources */,
				745F57BF1C4078E0001B7CC9 /* Constants.swift in Sources */,
				745F57C51C434520001B7CC9 /* HTTPRequestFuncs.swift in Sources */,
				74C077B91CDD19BB00C70B40 /* UserStore.swift in Sources */,
			);
			runOnlyForDeploymentPostprocessing = 0;
		};
		745F57801C3FF24B001B7CC9 /* Sources */ = {
			isa = PBXSourcesBuildPhase;
			buildActionMask = 2147483647;
			files = (
				745F57891C3FF24B001B7CC9 /* AssassinationTests.swift in Sources */,
			);
			runOnlyForDeploymentPostprocessing = 0;
		};
		745F578B1C3FF24B001B7CC9 /* Sources */ = {
			isa = PBXSourcesBuildPhase;
			buildActionMask = 2147483647;
			files = (
				745F57941C3FF24B001B7CC9 /* AssassinationUITests.swift in Sources */,
			);
			runOnlyForDeploymentPostprocessing = 0;
		};
/* End PBXSourcesBuildPhase section */

/* Begin PBXTargetDependency section */
		745F57861C3FF24B001B7CC9 /* PBXTargetDependency */ = {
			isa = PBXTargetDependency;
			target = 745F576F1C3FF24B001B7CC9 /* Assassination */;
			targetProxy = 745F57851C3FF24B001B7CC9 /* PBXContainerItemProxy */;
		};
		745F57911C3FF24B001B7CC9 /* PBXTargetDependency */ = {
			isa = PBXTargetDependency;
			target = 745F576F1C3FF24B001B7CC9 /* Assassination */;
			targetProxy = 745F57901C3FF24B001B7CC9 /* PBXContainerItemProxy */;
		};
/* End PBXTargetDependency section */

/* Begin PBXVariantGroup section */
		745F57771C3FF24B001B7CC9 /* Main.storyboard */ = {
			isa = PBXVariantGroup;
			children = (
				745F57781C3FF24B001B7CC9 /* Base */,
			);
			name = Main.storyboard;
			sourceTree = "<group>";
		};
		745F577C1C3FF24B001B7CC9 /* LaunchScreen.storyboard */ = {
			isa = PBXVariantGroup;
			children = (
				745F577D1C3FF24B001B7CC9 /* Base */,
			);
			name = LaunchScreen.storyboard;
			sourceTree = "<group>";
		};
/* End PBXVariantGroup section */

/* Begin XCBuildConfiguration section */
		745F57961C3FF24B001B7CC9 /* Debug */ = {
			isa = XCBuildConfiguration;
			buildSettings = {
				ALWAYS_SEARCH_USER_PATHS = NO;
				CLANG_CXX_LANGUAGE_STANDARD = "gnu++0x";
				CLANG_CXX_LIBRARY = "libc++";
				CLANG_ENABLE_MODULES = YES;
				CLANG_ENABLE_OBJC_ARC = YES;
				CLANG_WARN_BOOL_CONVERSION = YES;
				CLANG_WARN_CONSTANT_CONVERSION = YES;
				CLANG_WARN_DIRECT_OBJC_ISA_USAGE = YES_ERROR;
				CLANG_WARN_EMPTY_BODY = YES;
				CLANG_WARN_ENUM_CONVERSION = YES;
				CLANG_WARN_INT_CONVERSION = YES;
				CLANG_WARN_OBJC_ROOT_CLASS = YES_ERROR;
				CLANG_WARN_UNREACHABLE_CODE = YES;
				CLANG_WARN__DUPLICATE_METHOD_MATCH = YES;
				"CODE_SIGN_IDENTITY[sdk=iphoneos*]" = "iPhone Developer";
				COPY_PHASE_STRIP = NO;
				DEBUG_INFORMATION_FORMAT = dwarf;
				ENABLE_STRICT_OBJC_MSGSEND = YES;
				ENABLE_TESTABILITY = YES;
				GCC_C_LANGUAGE_STANDARD = gnu99;
				GCC_DYNAMIC_NO_PIC = NO;
				GCC_NO_COMMON_BLOCKS = YES;
				GCC_OPTIMIZATION_LEVEL = 0;
				GCC_PREPROCESSOR_DEFINITIONS = (
					"DEBUG=1",
					"$(inherited)",
				);
				GCC_WARN_64_TO_32_BIT_CONVERSION = YES;
				GCC_WARN_ABOUT_RETURN_TYPE = YES_ERROR;
				GCC_WARN_UNDECLARED_SELECTOR = YES;
				GCC_WARN_UNINITIALIZED_AUTOS = YES_AGGRESSIVE;
				GCC_WARN_UNUSED_FUNCTION = YES;
				GCC_WARN_UNUSED_VARIABLE = YES;
				IPHONEOS_DEPLOYMENT_TARGET = 9.2;
				MTL_ENABLE_DEBUG_INFO = YES;
				ONLY_ACTIVE_ARCH = YES;
				SDKROOT = iphoneos;
				SWIFT_OPTIMIZATION_LEVEL = "-Onone";
			};
			name = Debug;
		};
		745F57971C3FF24B001B7CC9 /* Release */ = {
			isa = XCBuildConfiguration;
			buildSettings = {
				ALWAYS_SEARCH_USER_PATHS = NO;
				CLANG_CXX_LANGUAGE_STANDARD = "gnu++0x";
				CLANG_CXX_LIBRARY = "libc++";
				CLANG_ENABLE_MODULES = YES;
				CLANG_ENABLE_OBJC_ARC = YES;
				CLANG_WARN_BOOL_CONVERSION = YES;
				CLANG_WARN_CONSTANT_CONVERSION = YES;
				CLANG_WARN_DIRECT_OBJC_ISA_USAGE = YES_ERROR;
				CLANG_WARN_EMPTY_BODY = YES;
				CLANG_WARN_ENUM_CONVERSION = YES;
				CLANG_WARN_INT_CONVERSION = YES;
				CLANG_WARN_OBJC_ROOT_CLASS = YES_ERROR;
				CLANG_WARN_UNREACHABLE_CODE = YES;
				CLANG_WARN__DUPLICATE_METHOD_MATCH = YES;
				"CODE_SIGN_IDENTITY[sdk=iphoneos*]" = "iPhone Developer";
				COPY_PHASE_STRIP = NO;
				DEBUG_INFORMATION_FORMAT = "dwarf-with-dsym";
				ENABLE_NS_ASSERTIONS = NO;
				ENABLE_STRICT_OBJC_MSGSEND = YES;
				GCC_C_LANGUAGE_STANDARD = gnu99;
				GCC_NO_COMMON_BLOCKS = YES;
				GCC_WARN_64_TO_32_BIT_CONVERSION = YES;
				GCC_WARN_ABOUT_RETURN_TYPE = YES_ERROR;
				GCC_WARN_UNDECLARED_SELECTOR = YES;
				GCC_WARN_UNINITIALIZED_AUTOS = YES_AGGRESSIVE;
				GCC_WARN_UNUSED_FUNCTION = YES;
				GCC_WARN_UNUSED_VARIABLE = YES;
				IPHONEOS_DEPLOYMENT_TARGET = 9.2;
				MTL_ENABLE_DEBUG_INFO = NO;
				SDKROOT = iphoneos;
				VALIDATE_PRODUCT = YES;
			};
			name = Release;
		};
		745F57991C3FF24B001B7CC9 /* Debug */ = {
			isa = XCBuildConfiguration;
			buildSettings = {
				ASSETCATALOG_COMPILER_APPICON_NAME = AppIcon;
				CLANG_ALLOW_NON_MODULAR_INCLUDES_IN_FRAMEWORK_MODULES = YES;
				CLANG_ENABLE_MODULES = NO;
				FRAMEWORK_SEARCH_PATHS = (
					"$(inherited)",
					"$(PROJECT_DIR)",
				);
				INFOPLIST_FILE = Assassination/Info.plist;
				LD_RUNPATH_SEARCH_PATHS = "$(inherited) @executable_path/Frameworks";
				PRODUCT_BUNDLE_IDENTIFIER = practice.Assassination;
				PRODUCT_NAME = "$(TARGET_NAME)";
				"SWIFT_OBJC_BRIDGING_HEADER[arch=*]" = Header.h;
				TARGETED_DEVICE_FAMILY = "1,2";
				"USER_HEADER_SEARCH_PATHS[arch=*]" = "\"$(SRCROOT)/../../../../Downloads/Starscream-master/Starscream.xcodeproj\"/**";
			};
			name = Debug;
		};
		745F579A1C3FF24B001B7CC9 /* Release */ = {
			isa = XCBuildConfiguration;
			buildSettings = {
				ASSETCATALOG_COMPILER_APPICON_NAME = AppIcon;
				CLANG_ALLOW_NON_MODULAR_INCLUDES_IN_FRAMEWORK_MODULES = YES;
				CLANG_ENABLE_MODULES = NO;
				FRAMEWORK_SEARCH_PATHS = (
					"$(inherited)",
					"$(PROJECT_DIR)",
				);
				INFOPLIST_FILE = Assassination/Info.plist;
				LD_RUNPATH_SEARCH_PATHS = "$(inherited) @executable_path/Frameworks";
				PRODUCT_BUNDLE_IDENTIFIER = practice.Assassination;
				PRODUCT_NAME = "$(TARGET_NAME)";
				"SWIFT_OBJC_BRIDGING_HEADER[arch=*]" = Header.h;
				TARGETED_DEVICE_FAMILY = "1,2";
			};
			name = Release;
		};
		745F579C1C3FF24B001B7CC9 /* Debug */ = {
			isa = XCBuildConfiguration;
			buildSettings = {
				BUNDLE_LOADER = "$(TEST_HOST)";
				INFOPLIST_FILE = AssassinationTests/Info.plist;
				LD_RUNPATH_SEARCH_PATHS = "$(inherited) @executable_path/Frameworks @loader_path/Frameworks";
				PRODUCT_BUNDLE_IDENTIFIER = practice.AssassinationTests;
				PRODUCT_NAME = "$(TARGET_NAME)";
				TEST_HOST = "$(BUILT_PRODUCTS_DIR)/Assassination.app/Assassination";
			};
			name = Debug;
		};
		745F579D1C3FF24B001B7CC9 /* Release */ = {
			isa = XCBuildConfiguration;
			buildSettings = {
				BUNDLE_LOADER = "$(TEST_HOST)";
				INFOPLIST_FILE = AssassinationTests/Info.plist;
				LD_RUNPATH_SEARCH_PATHS = "$(inherited) @executable_path/Frameworks @loader_path/Frameworks";
				PRODUCT_BUNDLE_IDENTIFIER = practice.AssassinationTests;
				PRODUCT_NAME = "$(TARGET_NAME)";
				TEST_HOST = "$(BUILT_PRODUCTS_DIR)/Assassination.app/Assassination";
			};
			name = Release;
		};
		745F579F1C3FF24B001B7CC9 /* Debug */ = {
			isa = XCBuildConfiguration;
			buildSettings = {
				INFOPLIST_FILE = AssassinationUITests/Info.plist;
				LD_RUNPATH_SEARCH_PATHS = "$(inherited) @executable_path/Frameworks @loader_path/Frameworks";
				PRODUCT_BUNDLE_IDENTIFIER = practice.AssassinationUITests;
				PRODUCT_NAME = "$(TARGET_NAME)";
				TEST_TARGET_NAME = Assassination;
				USES_XCTRUNNER = YES;
			};
			name = Debug;
		};
		745F57A01C3FF24B001B7CC9 /* Release */ = {
			isa = XCBuildConfiguration;
			buildSettings = {
				INFOPLIST_FILE = AssassinationUITests/Info.plist;
				LD_RUNPATH_SEARCH_PATHS = "$(inherited) @executable_path/Frameworks @loader_path/Frameworks";
				PRODUCT_BUNDLE_IDENTIFIER = practice.AssassinationUITests;
				PRODUCT_NAME = "$(TARGET_NAME)";
				TEST_TARGET_NAME = Assassination;
				USES_XCTRUNNER = YES;
			};
			name = Release;
		};
/* End XCBuildConfiguration section */

/* Begin XCConfigurationList section */
		745F576B1C3FF24B001B7CC9 /* Build configuration list for PBXProject "Assassination" */ = {
			isa = XCConfigurationList;
			buildConfigurations = (
				745F57961C3FF24B001B7CC9 /* Debug */,
				745F57971C3FF24B001B7CC9 /* Release */,
			);
			defaultConfigurationIsVisible = 0;
			defaultConfigurationName = Release;
		};
		745F57981C3FF24B001B7CC9 /* Build configuration list for PBXNativeTarget "Assassination" */ = {
			isa = XCConfigurationList;
			buildConfigurations = (
				745F57991C3FF24B001B7CC9 /* Debug */,
				745F579A1C3FF24B001B7CC9 /* Release */,
			);
			defaultConfigurationIsVisible = 0;
			defaultConfigurationName = Release;
		};
		745F579B1C3FF24B001B7CC9 /* Build configuration list for PBXNativeTarget "AssassinationTests" */ = {
			isa = XCConfigurationList;
			buildConfigurations = (
				745F579C1C3FF24B001B7CC9 /* Debug */,
				745F579D1C3FF24B001B7CC9 /* Release */,
			);
			defaultConfigurationIsVisible = 0;
			defaultConfigurationName = Release;
		};
		745F579E1C3FF24B001B7CC9 /* Build configuration list for PBXNativeTarget "AssassinationUITests" */ = {
			isa = XCConfigurationList;
			buildConfigurations = (
				745F579F1C3FF24B001B7CC9 /* Debug */,
				745F57A01C3FF24B001B7CC9 /* Release */,
			);
			defaultConfigurationIsVisible = 0;
			defaultConfigurationName = Release;
		};
/* End XCConfigurationList section */
	};
	rootObject = 745F57681C3FF24B001B7CC9 /* Project object */;
}
